dependencies:
- name: mongodb
  repository: https://charts.bitnami.com/bitnami
  version: 16.5.36
- name: airflow
  repository: https://airflow.apache.org/
  version: 1.18.0
digest: sha256:ed36115493b4b367f9bfeac5de990340aa7f20a1f726720174284efa142f1af1
generated: "2025-08-06T08:56:25.114016-04:00"
