dependencies:
- name: mongodb
  repository: https://charts.bitnami.com/bitnami
  version: 18.1.10
- name: postgres
  repository: https://cloudpirates-io.github.io/helm-charts
  version: 0.12.4
- name: airflow
  repository: https://airflow.apache.org/
  version: 1.18.0
digest: sha256:d69ec043259d508a6885dba060285303aa6fbbfea5e3648e61ea7349f0264628
generated: "2025-12-08T10:13:45.928656-05:00"
