dependencies:
- name: mongodb
  repository: https://charts.bitnami.com/bitnami
  version: 18.1.23
- name: postgres
  repository: https://cloudpirates-io.github.io/helm-charts
  version: 0.12.4
- name: airflow
  repository: https://airflow.apache.org/
  version: 1.18.0
digest: sha256:b46f4454e59d72342fffef9be7313478f1988c5fd65c81dd4594aff9002d4ef4
generated: "2026-01-29T14:29:29.405314-05:00"
